
Microsoft Visual Studio Solution File, Format Version 12.00
# Visual Studio Version 17
VisualStudioVersion = 17.0.31903.59
MinimumVisualStudioVersion = 10.0.40219.1
Project("{2150E333-8FDC-42A3-9474-1A3956D46DE8}") = "src", "src", "{5A650006-FB0A-41A6-9BD0-0ACC9C69D7DD}"
EndProject
Project("{FAE04EC0-301F-11D3-BF4B-00C04F79EFBC}") = "PulsePost.Functions", "src\PulsePost.Functions\PulsePost.Functions.csproj", "{104666D8-F903-4992-B1B3-100F91F9E04F}"
EndProject
Project("{2150E333-8FDC-42A3-9474-1A3956D46DE8}") = "tests", "tests", "{137A42DB-444C-4BBE-BE8F-57C16CA26C26}"
EndProject
Project("{FAE04EC0-301F-11D3-BF4B-00C04F79EFBC}") = "PulsePost.Functions.Tests", "tests\PulsePost.Functions.Tests\PulsePost.Functions.Tests.csproj", "{80C9CFCA-AFD9-46E4-AAD2-2ABBF0BBC15F}"
EndProject
Global
	GlobalSection(SolutionConfigurationPlatforms) = preSolution
		Debug|Any CPU = Debug|Any CPU
		Release|Any CPU = Release|Any CPU
	EndGlobalSection
	GlobalSection(SolutionProperties) = preSolution
		HideSolutionNode = FALSE
	EndGlobalSection
	GlobalSection(ProjectConfigurationPlatforms) = postSolution
		{104666D8-F903-4992-B1B3-100F91F9E04F}.Debug|Any CPU.ActiveCfg = Debug|Any CPU
		{104666D8-F903-4992-B1B3-100F91F9E04F}.Debug|Any CPU.Build.0 = Debug|Any CPU
		{104666D8-F903-4992-B1B3-100F91F9E04F}.Release|Any CPU.ActiveCfg = Release|Any CPU
		{104666D8-F903-4992-B1B3-100F91F9E04F}.Release|Any CPU.Build.0 = Release|Any CPU
		{80C9CFCA-AFD9-46E4-AAD2-2ABBF0BBC15F}.Debug|Any CPU.ActiveCfg = Debug|Any CPU
		{80C9CFCA-AFD9-46E4-AAD2-2ABBF0BBC15F}.Debug|Any CPU.Build.0 = Debug|Any CPU
		{80C9CFCA-AFD9-46E4-AAD2-2ABBF0BBC15F}.Release|Any CPU.ActiveCfg = Release|Any CPU
		{80C9CFCA-AFD9-46E4-AAD2-2ABBF0BBC15F}.Release|Any CPU.Build.0 = Release|Any CPU
	EndGlobalSection
	GlobalSection(NestedProjects) = preSolution
		{104666D8-F903-4992-B1B3-100F91F9E04F} = {5A650006-FB0A-41A6-9BD0-0ACC9C69D7DD}
		{80C9CFCA-AFD9-46E4-AAD2-2ABBF0BBC15F} = {137A42DB-444C-4BBE-BE8F-57C16CA26C26}
	EndGlobalSection
EndGlobal
